// !$*UTF8*$!
{
	archiveVersion = 1;
	classes = {
	};
	objectVersion = 50;
	objects = {

/* Begin PBXBuildFile section */
		474B9DE625A3608100CB4DE2 /* Let_Me_Edutain_YouApp.swift in Sources */ = {isa = PBXBuildFile; fileRef = 474B9DE525A3608100CB4DE2 /* Let_Me_Edutain_YouApp.swift */; };
		474B9DE825A3608100CB4DE2 /* ContentView.swift in Sources */ = {isa = PBXBuildFile; fileRef = 474B9DE725A3608100CB4DE2 /* ContentView.swift */; };
		474B9DEA25A3608300CB4DE2 /* Assets.xcassets in Resources */ = {isa = PBXBuildFile; fileRef = 474B9DE925A3608300CB4DE2 /* Assets.xcassets */; };
		474B9DED25A3608300CB4DE2 /* Preview Assets.xcassets in Resources */ = {isa = PBXBuildFile; fileRef = 474B9DEC25A3608300CB4DE2 /* Preview Assets.xcassets */; };
/* End PBXBuildFile section */

/* Begin PBXFileReference section */
		474B9DE225A3608100CB4DE2 /* Let Me Edutain You.app */ = {isa = PBXFileReference; explicitFileType = wrapper.application; includeInIndex = 0; path = "Let Me Edutain You.app"; sourceTree = BUILT_PRODUCTS_DIR; };
		474B9DE525A3608100CB4DE2 /* Let_Me_Edutain_YouApp.swift */ = {isa = PBXFileReference; lastKnownFileType = sourcecode.swift; path = Let_Me_Edutain_YouApp.swift; sourceTree = "<group>"; };
		474B9DE725A3608100CB4DE2 /* ContentView.swift */ = {isa = PBXFileReference; lastKnownFileType = sourcecode.swift; path = ContentView.swift; sourceTree = "<group>"; };
		474B9DE925A3608300CB4DE2 /* Assets.xcassets */ = {isa = PBXFileReference; lastKnownFileType = folder.assetcatalog; path = Assets.xcassets; sourceTree = "<group>"; };
		474B9DEC25A3608300CB4DE2 /* Preview Assets.xcassets */ = {isa = PBXFileReference; lastKnownFileType = folder.assetcatalog; path = "Preview Assets.xcassets"; sourceTree = "<group>"; };
		474B9DEE25A3608300CB4DE2 /* Info.plist */ = {isa = PBXFileReference; lastKnownFileType = text.plist.xml; path = Info.plist; sourceTree = "<group>"; };
/* End PBXFileReference section */

/* Begin PBXFrameworksBuildPhase section */
		474B9DDF25A3608100CB4DE2 /* Frameworks */ = {
			isa = PBXFrameworksBuildPhase;
			buildActionMask = 2147483647;
			files = (
			);
			runOnlyForDeploymentPostprocessing = 0;
		};
/* End PBXFrameworksBuildPhase section */

/* Begin PBXGroup section */
		474B9DD925A3608100CB4DE2 = {
			isa = PBXGroup;
			children = (
				474B9DE425A3608100CB4DE2 /* Let Me Edutain You */,
				474B9DE325A3608100CB4DE2 /* Products */,
			);
			sourceTree = "<group>";
		};
		474B9DE325A3608100CB4DE2 /* Products */ = {
			isa = PBXGroup;
			children = (
				474B9DE225A3608100CB4DE2 /* Let Me Edutain You.app */,
			);
			name = Products;
			sourceTree = "<group>";
		};
		474B9DE425A3608100CB4DE2 /* Let Me Edutain You */ = {
			isa = PBXGroup;
			children = (
				474B9DE525A3608100CB4DE2 /* Let_Me_Edutain_YouApp.swift */,
				474B9DE725A3608100CB4DE2 /* ContentView.swift */,
				474B9DE925A3608300CB4DE2 /* Assets.xcassets */,
				474B9DEE25A3608300CB4DE2 /* Info.plist */,
				474B9DEB25A3608300CB4DE2 /* Preview Content */,
			);
			path = "Let Me Edutain You";
			sourceTree = "<group>";
		};
		474B9DEB25A3608300CB4DE2 /* Preview Content */ = {
			isa = PBXGroup;
			children = (
				474B9DEC25A3608300CB4DE2 /* Preview Assets.xcassets */,
			);
			path = "Preview Content";
			sourceTree = "<group>";
		};
/* End PBXGroup section */

/* Begin PBXNativeTarget section */
		474B9DE125A3608100CB4DE2 /* Let Me Edutain You */ = {
			isa = PBXNativeTarget;
			buildConfigurationList = 474B9DF125A3608300CB4DE2 /* Build configuration list for PBXNativeTarget "Let Me Edutain You" */;
			buildPhases = (
				474B9DDE25A3608100CB4DE2 /* Sources */,
				474B9DDF25A3608100CB4DE2 /* Frameworks */,
				474B9DE025A3608100CB4DE2 /* Resources */,
			);
			buildRules = (
			);
			dependencies = (
			);
			name = "Let Me Edutain You";
			productName = "Let Me Edutain You";
			productReference = 474B9DE225A3608100CB4DE2 /* Let Me Edutain You.app */;
			productType = "com.apple.product-type.application";
		};
/* End PBXNativeTarget section */

/* Begin PBXProject section */
		474B9DDA25A3608100CB4DE2 /* Project object */ = {
			isa = PBXProject;
			attributes = {
				LastSwiftUpdateCheck = 1230;
				LastUpgradeCheck = 1230;
				TargetAttributes = {
					474B9DE125A3608100CB4DE2 = {
						CreatedOnToolsVersion = 12.3;
					};
				};
			};
			buildConfigurationList = 474B9DDD25A3608100CB4DE2 /* Build configuration list for PBXProject "Let Me Edutain You" */;
			compatibilityVersion = "Xcode 9.3";
			developmentRegion = en;
			hasScannedForEncodings = 0;
			knownRegions = (
				en,
				Base,
			);
			mainGroup = 474B9DD925A3608100CB4DE2;
			productRefGroup = 474B9DE325A3608100CB4DE2 /* Products */;
			projectDirPath = "";
			projectRoot = "";
			targets = (
				474B9DE125A3608100CB4DE2 /* Let Me Edutain You */,
			);
		};
/* End PBXProject section */

/* Begin PBXResourcesBuildPhase section */
		474B9DE025A3608100CB4DE2 /* Resources */ = {
			isa = PBXResourcesBuildPhase;
			buildActionMask = 2147483647;
			files = (
				474B9DED25A3608300CB4DE2 /* Preview Assets.xcassets in Resources */,
				474B9DEA25A3608300CB4DE2 /* Assets.xcassets in Resources */,
			);
			runOnlyForDeploymentPostprocessing = 0;
		};
/* End PBXResourcesBuildPhase section */

/* Begin PBXSourcesBuildPhase section */
		474B9DDE25A3608100CB4DE2 /* Sources */ = {
			isa = PBXSourcesBuildPhase;
			buildActionMask = 2147483647;
			files = (
				474B9DE825A3608100CB4DE2 /* ContentView.swift in Sources */,
				474B9DE625A3608100CB4DE2 /* Let_Me_Edutain_YouApp.swift in Sources */,
			);
			runOnlyForDeploymentPostprocessing = 0;
		};
/* End PBXSourcesBuildPhase section */

/* Begin XCBuildConfiguration section */
		474B9DEF25A3608300CB4DE2 /* Debug */ = {
			isa = XCBuildConfiguration;
			buildSettings = {
				ALWAYS_SEARCH_USER_PATHS = NO;
				CLANG_ANALYZER_NONNULL = YES;
				CLANG_ANALYZER_NUMBER_OBJECT_CONVERSION = YES_AGGRESSIVE;
				CLANG_CXX_LANGUAGE_STANDARD = "gnu++14";
				CLANG_CXX_LIBRARY = "libc++";
				CLANG_ENABLE_MODULES = YES;
				CLANG_ENABLE_OBJC_ARC = YES;
				CLANG_ENABLE_OBJC_WEAK = YES;
				CLANG_WARN_BLOCK_CAPTURE_AUTORELEASING = YES;
				CLANG_WARN_BOOL_CONVERSION = YES;
				CLANG_WARN_COMMA = YES;
				CLANG_WARN_CONSTANT_CONVERSION = YES;
				CLANG_WARN_DEPRECATED_OBJC_IMPLEMENTATIONS = YES;
				CLANG_WARN_DIRECT_OBJC_ISA_USAGE = YES_ERROR;
				CLANG_WARN_DOCUMENTATION_COMMENTS = YES;
				CLANG_WARN_EMPTY_BODY = YES;
				CLANG_WARN_ENUM_CONVERSION = YES;
				CLANG_WARN_INFINITE_RECURSION = YES;
				CLANG_WARN_INT_CONVERSION = YES;
				CLANG_WARN_NON_LITERAL_NULL_CONVERSION = YES;
				CLANG_WARN_OBJC_IMPLICIT_RETAIN_SELF = YES;
				CLANG_WARN_OBJC_LITERAL_CONVERSION = YES;
				CLANG_WARN_OBJC_ROOT_CLASS = YES_ERROR;
				CLANG_WARN_QUOTED_INCLUDE_IN_FRAMEWORK_HEADER = YES;
				CLANG_WARN_RANGE_LOOP_ANALYSIS = YES;
				CLANG_WARN_STRICT_PROTOTYPES = YES;
				CLANG_WARN_SUSPICIOUS_MOVE = YES;
				CLANG_WARN_UNGUARDED_AVAILABILITY = YES_AGGRESSIVE;
				CLANG_WARN_UNREACHABLE_CODE = YES;
				CLANG_WARN__DUPLICATE_METHOD_MATCH = YES;
				COPY_PHASE_STRIP = NO;
				DEBUG_INFORMATION_FORMAT = dwarf;
				ENABLE_STRICT_OBJC_MSGSEND = YES;
				ENABLE_TESTABILITY = YES;
				GCC_C_LANGUAGE_STANDARD = gnu11;
				GCC_DYNAMIC_NO_PIC = NO;
				GCC_NO_COMMON_BLOCKS = YES;
				GCC_OPTIMIZATION_LEVEL = 0;
				GCC_PREPROCESSOR_DEFINITIONS = (
					"DEBUG=1",
					"$(inherited)",
				);
				GCC_WARN_64_TO_32_BIT_CONVERSION = YES;
				GCC_WARN_ABOUT_RETURN_TYPE = YES_ERROR;
				GCC_WARN_UNDECLARED_SELECTOR = YES;
				GCC_WARN_UNINITIALIZED_AUTOS = YES_AGGRESSIVE;
				GCC_WARN_UNUSED_FUNCTION = YES;
				GCC_WARN_UNUSED_VARIABLE = YES;
				IPHONEOS_DEPLOYMENT_TARGET = 14.3;
				MTL_ENABLE_DEBUG_INFO = INCLUDE_SOURCE;
				MTL_FAST_MATH = YES;
				ONLY_ACTIVE_ARCH = YES;
				SDKROOT = iphoneos;
				SWIFT_ACTIVE_COMPILATION_CONDITIONS = DEBUG;
				SWIFT_OPTIMIZATION_LEVEL = "-Onone";
			};
			name = Debug;
		};
		474B9DF025A3608300CB4DE2 /* Release */ = {
			isa = XCBuildConfiguration;
			buildSettings = {
				ALWAYS_SEARCH_USER_PATHS = NO;
				CLANG_ANALYZER_NONNULL = YES;
				CLANG_ANALYZER_NUMBER_OBJECT_CONVERSION = YES_AGGRESSIVE;
				CLANG_CXX_LANGUAGE_STANDARD = "gnu++14";
				CLANG_CXX_LIBRARY = "libc++";
				CLANG_ENABLE_MODULES = YES;
				CLANG_ENABLE_OBJC_ARC = YES;
				CLANG_ENABLE_OBJC_WEAK = YES;
				CLANG_WARN_BLOCK_CAPTURE_AUTORELEASING = YES;
				CLANG_WARN_BOOL_CONVERSION = YES;
				CLANG_WARN_COMMA = YES;
				CLANG_WARN_CONSTANT_CONVERSION = YES;
				CLANG_WARN_DEPRECATED_OBJC_IMPLEMENTATIONS = YES;
				CLANG_WARN_DIRECT_OBJC_ISA_USAGE = YES_ERROR;
				CLANG_WARN_DOCUMENTATION_COMMENTS = YES;
				CLANG_WARN_EMPTY_BODY = YES;
				CLANG_WARN_ENUM_CONVERSION = YES;
				CLANG_WARN_INFINITE_RECURSION = YES;
				CLANG_WARN_INT_CONVERSION = YES;
				CLANG_WARN_NON_LITERAL_NULL_CONVERSION = YES;
				CLANG_WARN_OBJC_IMPLICIT_RETAIN_SELF = YES;
				CLANG_WARN_OBJC_LITERAL_CONVERSION = YES;
				CLANG_WARN_OBJC_ROOT_CLASS = YES_ERROR;
				CLANG_WARN_QUOTED_INCLUDE_IN_FRAMEWORK_HEADER = YES;
				CLANG_WARN_RANGE_LOOP_ANALYSIS = YES;
				CLANG_WARN_STRICT_PROTOTYPES = YES;
				CLANG_WARN_SUSPICIOUS_MOVE = YES;
				CLANG_WARN_UNGUARDED_AVAILABILITY = YES_AGGRESSIVE;
				CLANG_WARN_UNREACHABLE_CODE = YES;
				CLANG_WARN__DUPLICATE_METHOD_MATCH = YES;
				COPY_PHASE_STRIP = NO;
				DEBUG_INFORMATION_FORMAT = "dwarf-with-dsym";
				ENABLE_NS_ASSERTIONS = NO;
				ENABLE_STRICT_OBJC_MSGSEND = YES;
				GCC_C_LANGUAGE_STANDARD = gnu11;
				GCC_NO_COMMON_BLOCKS = YES;
				GCC_WARN_64_TO_32_BIT_CONVERSION = YES;
				GCC_WARN_ABOUT_RETURN_TYPE = YES_ERROR;
				GCC_WARN_UNDECLARED_SELECTOR = YES;
				GCC_WARN_UNINITIALIZED_AUTOS = YES_AGGRESSIVE;
				GCC_WARN_UNUSED_FUNCTION = YES;
				GCC_WARN_UNUSED_VARIABLE = YES;
				IPHONEOS_DEPLOYMENT_TARGET = 14.3;
				MTL_ENABLE_DEBUG_INFO = NO;
				MTL_FAST_MATH = YES;
				SDKROOT = iphoneos;
				SWIFT_COMPILATION_MODE = wholemodule;
				SWIFT_OPTIMIZATION_LEVEL = "-O";
				VALIDATE_PRODUCT = YES;
			};
			name = Release;
		};
		474B9DF225A3608300CB4DE2 /* Debug */ = {
			isa = XCBuildConfiguration;
			buildSettings = {
				ASSETCATALOG_COMPILER_APPICON_NAME = AppIcon;
				ASSETCATALOG_COMPILER_GLOBAL_ACCENT_COLOR_NAME = AccentColor;
				CODE_SIGN_STYLE = Automatic;
				DEVELOPMENT_ASSET_PATHS = "\"Let Me Edutain You/Preview Content\"";
				DEVELOPMENT_TEAM = 9XJBHAV8FA;
				ENABLE_PREVIEWS = YES;
				INFOPLIST_FILE = "Let Me Edutain You/Info.plist";
				IPHONEOS_DEPLOYMENT_TARGET = 14.0;
				LD_RUNPATH_SEARCH_PATHS = (
					"$(inherited)",
					"@executable_path/Frameworks",
				);
				PRODUCT_BUNDLE_IDENTIFIER = "com.jacksonbarnes.Let-Me-Edutain-You";
				PRODUCT_NAME = "$(TARGET_NAME)";
				SWIFT_VERSION = 5.0;
				TARGETED_DEVICE_FAMILY = "1,2";
			};
			name = Debug;
		};
		474B9DF325A3608300CB4DE2 /* Release */ = {
			isa = XCBuildConfiguration;
			buildSettings = {
				ASSETCATALOG_COMPILER_APPICON_NAME = AppIcon;
				ASSETCATALOG_COMPILER_GLOBAL_ACCENT_COLOR_NAME = AccentColor;
				CODE_SIGN_STYLE = Automatic;
				DEVELOPMENT_ASSET_PATHS = "\"Let Me Edutain You/Preview Content\"";
				DEVELOPMENT_TEAM = 9XJBHAV8FA;
				ENABLE_PREVIEWS = YES;
				INFOPLIST_FILE = "Let Me Edutain You/Info.plist";
				IPHONEOS_DEPLOYMENT_TARGET = 14.0;
				LD_RUNPATH_SEARCH_PATHS = (
					"$(inherited)",
					"@executable_path/Frameworks",
				);
				PRODUCT_BUNDLE_IDENTIFIER = "com.jacksonbarnes.Let-Me-Edutain-You";
				PRODUCT_NAME = "$(TARGET_NAME)";
				SWIFT_VERSION = 5.0;
				TARGETED_DEVICE_FAMILY = "1,2";
			};
			name = Release;
		};
/* End XCBuildConfiguration section */

/* Begin XCConfigurationList section */
		474B9DDD25A3608100CB4DE2 /* Build configuration list for PBXProject "Let Me Edutain You" */ = {
			isa = XCConfigurationList;
			buildConfigurations = (
				474B9DEF25A3608300CB4DE2 /* Debug */,
				474B9DF025A3608300CB4DE2 /* Release */,
			);
			defaultConfigurationIsVisible = 0;
			defaultConfigurationName = Release;
		};
		474B9DF125A3608300CB4DE2 /* Build configuration list for PBXNativeTarget "Let Me Edutain You" */ = {
			isa = XCConfigurationList;
			buildConfigurations = (
				474B9DF225A3608300CB4DE2 /* Debug */,
				474B9DF325A3608300CB4DE2 /* Release */,
			);
			defaultConfigurationIsVisible = 0;
			defaultConfigurationName = Release;
		};
/* End XCConfigurationList section */
	};
	rootObject = 474B9DDA25A3608100CB4DE2 /* Project object */;
}
